
Microsoft Visual Studio Solution File, Format Version 12.00
# Visual Studio Version 17
VisualStudioVersion = 17.9.34723.18
MinimumVisualStudioVersion = 10.0.40219.1
Project("{FAE04EC0-301F-11D3-BF4B-00C04F79EFBC}") = "Flight", "Flight\Flight.csproj", "{C3C1043E-2623-4286-B306-B7D67123EB3A}"
EndProject
Project("{FAE04EC0-301F-11D3-BF4B-00C04F79EFBC}") = "Flight.Models", "Flight.Models\Flight.Models.csproj", "{B4560D44-BA57-4E97-B92A-63A87C2DEE0B}"
EndProject
Project("{FAE04EC0-301F-11D3-BF4B-00C04F79EFBC}") = "Flight.Services", "Flight.Services\Flight.Services.csproj", "{09545A57-69C0-4A85-B628-71D1E19A92B6}"
EndProject
Project("{FAE04EC0-301F-11D3-BF4B-00C04F79EFBC}") = "Flight.IServices", "Flight.IServices\Flight.IServices.csproj", "{0F987996-7394-45F4-A7DE-06F93096BA76}"
EndProject
Global
	GlobalSection(SolutionConfigurationPlatforms) = preSolution
		Debug|Any CPU = Debug|Any CPU
		Release|Any CPU = Release|Any CPU
	EndGlobalSection
	GlobalSection(ProjectConfigurationPlatforms) = postSolution
		{C3C1043E-2623-4286-B306-B7D67123EB3A}.Debug|Any CPU.ActiveCfg = Debug|Any CPU
		{C3C1043E-2623-4286-B306-B7D67123EB3A}.Debug|Any CPU.Build.0 = Debug|Any CPU
		{C3C1043E-2623-4286-B306-B7D67123EB3A}.Release|Any CPU.ActiveCfg = Release|Any CPU
		{C3C1043E-2623-4286-B306-B7D67123EB3A}.Release|Any CPU.Build.0 = Release|Any CPU
		{B4560D44-BA57-4E97-B92A-63A87C2DEE0B}.Debug|Any CPU.ActiveCfg = Debug|Any CPU
		{B4560D44-BA57-4E97-B92A-63A87C2DEE0B}.Debug|Any CPU.Build.0 = Debug|Any CPU
		{B4560D44-BA57-4E97-B92A-63A87C2DEE0B}.Release|Any CPU.ActiveCfg = Release|Any CPU
		{B4560D44-BA57-4E97-B92A-63A87C2DEE0B}.Release|Any CPU.Build.0 = Release|Any CPU
		{09545A57-69C0-4A85-B628-71D1E19A92B6}.Debug|Any CPU.ActiveCfg = Debug|Any CPU
		{09545A57-69C0-4A85-B628-71D1E19A92B6}.Debug|Any CPU.Build.0 = Debug|Any CPU
		{09545A57-69C0-4A85-B628-71D1E19A92B6}.Release|Any CPU.ActiveCfg = Release|Any CPU
		{09545A57-69C0-4A85-B628-71D1E19A92B6}.Release|Any CPU.Build.0 = Release|Any CPU
		{0F987996-7394-45F4-A7DE-06F93096BA76}.Debug|Any CPU.ActiveCfg = Debug|Any CPU
		{0F987996-7394-45F4-A7DE-06F93096BA76}.Debug|Any CPU.Build.0 = Debug|Any CPU
		{0F987996-7394-45F4-A7DE-06F93096BA76}.Release|Any CPU.ActiveCfg = Release|Any CPU
		{0F987996-7394-45F4-A7DE-06F93096BA76}.Release|Any CPU.Build.0 = Release|Any CPU
	EndGlobalSection
	GlobalSection(SolutionProperties) = preSolution
		HideSolutionNode = FALSE
	EndGlobalSection
	GlobalSection(ExtensibilityGlobals) = postSolution
		SolutionGuid = {05B9F3C3-1D53-4084-8AC5-84F3CAF0108E}
	EndGlobalSection
EndGlobal
